
Microsoft Visual Studio Solution File, Format Version 12.00
# Visual Studio Version 16
VisualStudioVersion = 16.0.30711.63
MinimumVisualStudioVersion = 10.0.40219.1
Project("{FAE04EC0-301F-11D3-BF4B-00C04F79EFBC}") = "IfElseNesting", "IfElseNesting\IfElseNesting.csproj", "{94D2AEC6-5980-423A-934C-2F6A75910492}"
EndProject
Global
	GlobalSection(SolutionConfigurationPlatforms) = preSolution
		Debug|Any CPU = Debug|Any CPU
		Release|Any CPU = Release|Any CPU
	EndGlobalSection
	GlobalSection(ProjectConfigurationPlatforms) = postSolution
		{94D2AEC6-5980-423A-934C-2F6A75910492}.Debug|Any CPU.ActiveCfg = Debug|Any CPU
		{94D2AEC6-5980-423A-934C-2F6A75910492}.Debug|Any CPU.Build.0 = Debug|Any CPU
		{94D2AEC6-5980-423A-934C-2F6A75910492}.Release|Any CPU.ActiveCfg = Release|Any CPU
		{94D2AEC6-5980-423A-934C-2F6A75910492}.Release|Any CPU.Build.0 = Release|Any CPU
	EndGlobalSection
	GlobalSection(SolutionProperties) = preSolution
		HideSolutionNode = FALSE
	EndGlobalSection
	GlobalSection(ExtensibilityGlobals) = postSolution
		SolutionGuid = {624AC727-C448-43E9-AB3B-8DFA7CEFFB57}
	EndGlobalSection
EndGlobal
